{
  "name": "scripts",
  "lockfileVersion": 2,
  "requires": true,
  "packages": {
    "": {
      "name": "scripts",
      "license": "ISC",
      "dependencies": {
        "node-notifier": "^1.0.0"
      }
    },
    "node_modules/node-notifier": {
      "version": "1.2.1",
      "resolved": "https://registry.npmjs.org/node-notifier/-/node-notifier-1.2.1.tgz",
      "integrity": "sha1-Tcq1yLAIkyA81sU0vsRMRl2WqQ8=",
      "dependencies": {
        "which": "~1.0.5"
      }
    },
    "node_modules/which": {
      "version": "1.0.9",
      "resolved": "https://registry.npmjs.org/which/-/which-1.0.9.tgz",
      "integrity": "sha1-RgwdoPgQED0DIam2M6+eV15kSG8=",
      "bin": {
        "which": "bin/which"
      }
    }
  },
  "dependencies": {
    "node-notifier": {
      "version": "1.2.1",
      "resolved": "https://registry.npmjs.org/node-notifier/-/node-notifier-1.2.1.tgz",
      "integrity": "sha1-Tcq1yLAIkyA81sU0vsRMRl2WqQ8=",
      "requires": {
        "which": "~1.0.5"
      }
    },
    "which": {
      "version": "1.0.9",
      "resolved": "https://registry.npmjs.org/which/-/which-1.0.9.tgz",
      "integrity": "sha1-RgwdoPgQED0DIam2M6+eV15kSG8="
    }
  }
}
